// !$*UTF8*$!
{
	archiveVersion = 1;
	classes = {
	};
	objectVersion = 51;
	objects = {

/* Begin PBXBuildFile section */
		18E5EAC281135DC64BE568B6 /* Pods_UsingOssTestFramework_UsingOssTestFrameworkUITests.framework in Frameworks */ = {isa = PBXBuildFile; fileRef = 4796CB685B9DF3A3ABC1033E /* Pods_UsingOssTestFramework_UsingOssTestFrameworkUITests.framework */; };
		565629261583BEE5BC2F8810 /* Pods_UsingOssTestFramework.framework in Frameworks */ = {isa = PBXBuildFile; fileRef = 17552A31A8F2171CACAD0323 /* Pods_UsingOssTestFramework.framework */; };
		9C4825B826513D21007B36B9 /* AppDelegate.swift in Sources */ = {isa = PBXBuildFile; fileRef = 9C4825B726513D21007B36B9 /* AppDelegate.swift */; };
		9C4825BA26513D21007B36B9 /* SceneDelegate.swift in Sources */ = {isa = PBXBuildFile; fileRef = 9C4825B926513D21007B36B9 /* SceneDelegate.swift */; };
		9C4825BC26513D21007B36B9 /* ViewController.swift in Sources */ = {isa = PBXBuildFile; fileRef = 9C4825BB26513D21007B36B9 /* ViewController.swift */; };
		9C4825BF26513D21007B36B9 /* Main.storyboard in Resources */ = {isa = PBXBuildFile; fileRef = 9C4825BD26513D21007B36B9 /* Main.storyboard */; };
		9C4825C126513D23007B36B9 /* Assets.xcassets in Resources */ = {isa = PBXBuildFile; fileRef = 9C4825C026513D23007B36B9 /* Assets.xcassets */; };
		9C4825C426513D23007B36B9 /* LaunchScreen.storyboard in Resources */ = {isa = PBXBuildFile; fileRef = 9C4825C226513D23007B36B9 /* LaunchScreen.storyboard */; };
		9C4825CF26513D23007B36B9 /* UsingOssTestFrameworkTests.swift in Sources */ = {isa = PBXBuildFile; fileRef = 9C4825CE26513D23007B36B9 /* UsingOssTestFrameworkTests.swift */; };
		9C4825DA26513D23007B36B9 /* UsingOssTestFrameworkUITests.swift in Sources */ = {isa = PBXBuildFile; fileRef = 9C4825D926513D23007B36B9 /* UsingOssTestFrameworkUITests.swift */; };
		9C4825F6265145D1007B36B9 /* SampleTest.swift in Sources */ = {isa = PBXBuildFile; fileRef = 9C4825F5265145D1007B36B9 /* SampleTest.swift */; };
		9CF684AF2651550700F97AAF /* MainViewModel.swift in Sources */ = {isa = PBXBuildFile; fileRef = 9CF684AE2651550700F97AAF /* MainViewModel.swift */; };
		9F13D7A837D29278F4B39976 /* Pods_UsingOssTestFrameworkTests.framework in Frameworks */ = {isa = PBXBuildFile; fileRef = 6E12CAC72B8E81E38499339D /* Pods_UsingOssTestFrameworkTests.framework */; };
/* End PBXBuildFile section */

/* Begin PBXContainerItemProxy section */
		9C4825CB26513D23007B36B9 /* PBXContainerItemProxy */ = {
			isa = PBXContainerItemProxy;
			containerPortal = 9C4825AC26513D21007B36B9 /* Project object */;
			proxyType = 1;
			remoteGlobalIDString = 9C4825B326513D21007B36B9;
			remoteInfo = UsingOssTestFramework;
		};
		9C4825D626513D23007B36B9 /* PBXContainerItemProxy */ = {
			isa = PBXContainerItemProxy;
			containerPortal = 9C4825AC26513D21007B36B9 /* Project object */;
			proxyType = 1;
			remoteGlobalIDString = 9C4825B326513D21007B36B9;
			remoteInfo = UsingOssTestFramework;
		};
/* End PBXContainerItemProxy section */

/* Begin PBXFileReference section */
		17552A31A8F2171CACAD0323 /* Pods_UsingOssTestFramework.framework */ = {isa = PBXFileReference; explicitFileType = wrapper.framework; includeInIndex = 0; path = Pods_UsingOssTestFramework.framework; sourceTree = BUILT_PRODUCTS_DIR; };
		2212AC9797CF38383E35A9BE /* Pods-UsingOssTestFrameworkTests.debug.xcconfig */ = {isa = PBXFileReference; includeInIndex = 1; lastKnownFileType = text.xcconfig; name = "Pods-UsingOssTestFrameworkTests.debug.xcconfig"; path = "Target Support Files/Pods-UsingOssTestFrameworkTests/Pods-UsingOssTestFrameworkTests.debug.xcconfig"; sourceTree = "<group>"; };
		222A7F39D28699FB52826F0B /* Pods-UsingOssTestFramework-Tests-UsingOssTestFrameworkUITests.debug.xcconfig */ = {isa = PBXFileReference; includeInIndex = 1; lastKnownFileType = text.xcconfig; name = "Pods-UsingOssTestFramework-Tests-UsingOssTestFrameworkUITests.debug.xcconfig"; path = "Target Support Files/Pods-UsingOssTestFramework-Tests-UsingOssTestFrameworkUITests/Pods-UsingOssTestFramework-Tests-UsingOssTestFrameworkUITests.debug.xcconfig"; sourceTree = "<group>"; };
		230A893E4714C6F41D1CC3AC /* Pods-UsingOssTestFrameworkTests.release.xcconfig */ = {isa = PBXFileReference; includeInIndex = 1; lastKnownFileType = text.xcconfig; name = "Pods-UsingOssTestFrameworkTests.release.xcconfig"; path = "Target Support Files/Pods-UsingOssTestFrameworkTests/Pods-UsingOssTestFrameworkTests.release.xcconfig"; sourceTree = "<group>"; };
		3E8AC8B40FC57C65DEFF853F /* Pods-UsingOssTestFramework.release.xcconfig */ = {isa = PBXFileReference; includeInIndex = 1; lastKnownFileType = text.xcconfig; name = "Pods-UsingOssTestFramework.release.xcconfig"; path = "Target Support Files/Pods-UsingOssTestFramework/Pods-UsingOssTestFramework.release.xcconfig"; sourceTree = "<group>"; };
		4796CB685B9DF3A3ABC1033E /* Pods_UsingOssTestFramework_UsingOssTestFrameworkUITests.framework */ = {isa = PBXFileReference; explicitFileType = wrapper.framework; includeInIndex = 0; path = Pods_UsingOssTestFramework_UsingOssTestFrameworkUITests.framework; sourceTree = BUILT_PRODUCTS_DIR; };
		69BEE239812C08A482272B73 /* Pods-UsingOssTestFramework.debug.xcconfig */ = {isa = PBXFileReference; includeInIndex = 1; lastKnownFileType = text.xcconfig; name = "Pods-UsingOssTestFramework.debug.xcconfig"; path = "Target Support Files/Pods-UsingOssTestFramework/Pods-UsingOssTestFramework.debug.xcconfig"; sourceTree = "<group>"; };
		6E12CAC72B8E81E38499339D /* Pods_UsingOssTestFrameworkTests.framework */ = {isa = PBXFileReference; explicitFileType = wrapper.framework; includeInIndex = 0; path = Pods_UsingOssTestFrameworkTests.framework; sourceTree = BUILT_PRODUCTS_DIR; };
		9C4825B426513D21007B36B9 /* UsingOssTestFramework.app */ = {isa = PBXFileReference; explicitFileType = wrapper.application; includeInIndex = 0; path = UsingOssTestFramework.app; sourceTree = BUILT_PRODUCTS_DIR; };
		9C4825B726513D21007B36B9 /* AppDelegate.swift */ = {isa = PBXFileReference; lastKnownFileType = sourcecode.swift; path = AppDelegate.swift; sourceTree = "<group>"; };
		9C4825B926513D21007B36B9 /* SceneDelegate.swift */ = {isa = PBXFileReference; lastKnownFileType = sourcecode.swift; path = SceneDelegate.swift; sourceTree = "<group>"; };
		9C4825BB26513D21007B36B9 /* ViewController.swift */ = {isa = PBXFileReference; lastKnownFileType = sourcecode.swift; path = ViewController.swift; sourceTree = "<group>"; };
		9C4825BE26513D21007B36B9 /* Base */ = {isa = PBXFileReference; lastKnownFileType = file.storyboard; name = Base; path = Base.lproj/Main.storyboard; sourceTree = "<group>"; };
		9C4825C026513D23007B36B9 /* Assets.xcassets */ = {isa = PBXFileReference; lastKnownFileType = folder.assetcatalog; path = Assets.xcassets; sourceTree = "<group>"; };
		9C4825C326513D23007B36B9 /* Base */ = {isa = PBXFileReference; lastKnownFileType = file.storyboard; name = Base; path = Base.lproj/LaunchScreen.storyboard; sourceTree = "<group>"; };
		9C4825C526513D23007B36B9 /* Info.plist */ = {isa = PBXFileReference; lastKnownFileType = text.plist.xml; path = Info.plist; sourceTree = "<group>"; };
		9C4825CA26513D23007B36B9 /* UsingOssTestFrameworkTests.xctest */ = {isa = PBXFileReference; explicitFileType = wrapper.cfbundle; includeInIndex = 0; path = UsingOssTestFrameworkTests.xctest; sourceTree = BUILT_PRODUCTS_DIR; };
		9C4825CE26513D23007B36B9 /* UsingOssTestFrameworkTests.swift */ = {isa = PBXFileReference; lastKnownFileType = sourcecode.swift; path = UsingOssTestFrameworkTests.swift; sourceTree = "<group>"; };
		9C4825D026513D23007B36B9 /* Info.plist */ = {isa = PBXFileReference; lastKnownFileType = text.plist.xml; path = Info.plist; sourceTree = "<group>"; };
		9C4825D526513D23007B36B9 /* UsingOssTestFrameworkUITests.xctest */ = {isa = PBXFileReference; explicitFileType = wrapper.cfbundle; includeInIndex = 0; path = UsingOssTestFrameworkUITests.xctest; sourceTree = BUILT_PRODUCTS_DIR; };
		9C4825D926513D23007B36B9 /* UsingOssTestFrameworkUITests.swift */ = {isa = PBXFileReference; lastKnownFileType = sourcecode.swift; path = UsingOssTestFrameworkUITests.swift; sourceTree = "<group>"; };
		9C4825DB26513D23007B36B9 /* Info.plist */ = {isa = PBXFileReference; lastKnownFileType = text.plist.xml; path = Info.plist; sourceTree = "<group>"; };
		9C4825F5265145D1007B36B9 /* SampleTest.swift */ = {isa = PBXFileReference; lastKnownFileType = sourcecode.swift; path = SampleTest.swift; sourceTree = "<group>"; };
		9CF684AE2651550700F97AAF /* MainViewModel.swift */ = {isa = PBXFileReference; lastKnownFileType = sourcecode.swift; path = MainViewModel.swift; sourceTree = "<group>"; };
		EB0B3765DFB28240A89B30B3 /* Pods-UsingOssTestFramework-UsingOssTestFrameworkUITests.debug.xcconfig */ = {isa = PBXFileReference; includeInIndex = 1; lastKnownFileType = text.xcconfig; name = "Pods-UsingOssTestFramework-UsingOssTestFrameworkUITests.debug.xcconfig"; path = "Target Support Files/Pods-UsingOssTestFramework-UsingOssTestFrameworkUITests/Pods-UsingOssTestFramework-UsingOssTestFrameworkUITests.debug.xcconfig"; sourceTree = "<group>"; };
		F6C114F2D75E8FD41F76C9E5 /* Pods-UsingOssTestFramework-UsingOssTestFrameworkUITests.release.xcconfig */ = {isa = PBXFileReference; includeInIndex = 1; lastKnownFileType = text.xcconfig; name = "Pods-UsingOssTestFramework-UsingOssTestFrameworkUITests.release.xcconfig"; path = "Target Support Files/Pods-UsingOssTestFramework-UsingOssTestFrameworkUITests/Pods-UsingOssTestFramework-UsingOssTestFrameworkUITests.release.xcconfig"; sourceTree = "<group>"; };
		FDA77200F4F31B2031E3D7F9 /* Pods-UsingOssTestFramework-Tests-UsingOssTestFrameworkUITests.release.xcconfig */ = {isa = PBXFileReference; includeInIndex = 1; lastKnownFileType = text.xcconfig; name = "Pods-UsingOssTestFramework-Tests-UsingOssTestFrameworkUITests.release.xcconfig"; path = "Target Support Files/Pods-UsingOssTestFramework-Tests-UsingOssTestFrameworkUITests/Pods-UsingOssTestFramework-Tests-UsingOssTestFrameworkUITests.release.xcconfig"; sourceTree = "<group>"; };
/* End PBXFileReference section */

/* Begin PBXFrameworksBuildPhase section */
		9C4825B126513D21007B36B9 /* Frameworks */ = {
			isa = PBXFrameworksBuildPhase;
			buildActionMask = 2147483647;
			files = (
				565629261583BEE5BC2F8810 /* Pods_UsingOssTestFramework.framework in Frameworks */,
			);
			runOnlyForDeploymentPostprocessing = 0;
		};
		9C4825C726513D23007B36B9 /* Frameworks */ = {
			isa = PBXFrameworksBuildPhase;
			buildActionMask = 2147483647;
			files = (
				9F13D7A837D29278F4B39976 /* Pods_UsingOssTestFrameworkTests.framework in Frameworks */,
			);
			runOnlyForDeploymentPostprocessing = 0;
		};
		9C4825D226513D23007B36B9 /* Frameworks */ = {
			isa = PBXFrameworksBuildPhase;
			buildActionMask = 2147483647;
			files = (
				18E5EAC281135DC64BE568B6 /* Pods_UsingOssTestFramework_UsingOssTestFrameworkUITests.framework in Frameworks */,
			);
			runOnlyForDeploymentPostprocessing = 0;
		};
/* End PBXFrameworksBuildPhase section */

/* Begin PBXGroup section */
		9C4825AB26513D21007B36B9 = {
			isa = PBXGroup;
			children = (
				9C4825B626513D21007B36B9 /* UsingOssTestFramework */,
				9C4825CD26513D23007B36B9 /* UsingOssTestFrameworkTests */,
				9C4825D826513D23007B36B9 /* UsingOssTestFrameworkUITests */,
				9C4825B526513D21007B36B9 /* Products */,
				C28A63A7E569EC3BB17E0185 /* Pods */,
				ABC8FBBF3C38C78E095854C3 /* Frameworks */,
			);
			sourceTree = "<group>";
		};
		9C4825B526513D21007B36B9 /* Products */ = {
			isa = PBXGroup;
			children = (
				9C4825B426513D21007B36B9 /* UsingOssTestFramework.app */,
				9C4825CA26513D23007B36B9 /* UsingOssTestFrameworkTests.xctest */,
				9C4825D526513D23007B36B9 /* UsingOssTestFrameworkUITests.xctest */,
			);
			name = Products;
			sourceTree = "<group>";
		};
		9C4825B626513D21007B36B9 /* UsingOssTestFramework */ = {
			isa = PBXGroup;
			children = (
				9CF684AD265154F200F97AAF /* ViewModel */,
				9C4825B726513D21007B36B9 /* AppDelegate.swift */,
				9C4825B926513D21007B36B9 /* SceneDelegate.swift */,
				9C4825BB26513D21007B36B9 /* ViewController.swift */,
				9C4825BD26513D21007B36B9 /* Main.storyboard */,
				9C4825C026513D23007B36B9 /* Assets.xcassets */,
				9C4825C226513D23007B36B9 /* LaunchScreen.storyboard */,
				9C4825C526513D23007B36B9 /* Info.plist */,
			);
			path = UsingOssTestFramework;
			sourceTree = "<group>";
		};
		9C4825CD26513D23007B36B9 /* UsingOssTestFrameworkTests */ = {
			isa = PBXGroup;
			children = (
				9C4825CE26513D23007B36B9 /* UsingOssTestFrameworkTests.swift */,
				9C4825D026513D23007B36B9 /* Info.plist */,
				9C4825F5265145D1007B36B9 /* SampleTest.swift */,
			);
			path = UsingOssTestFrameworkTests;
			sourceTree = "<group>";
		};
		9C4825D826513D23007B36B9 /* UsingOssTestFrameworkUITests */ = {
			isa = PBXGroup;
			children = (
				9C4825D926513D23007B36B9 /* UsingOssTestFrameworkUITests.swift */,
				9C4825DB26513D23007B36B9 /* Info.plist */,
			);
			path = UsingOssTestFrameworkUITests;
			sourceTree = "<group>";
		};
		9CF684AD265154F200F97AAF /* ViewModel */ = {
			isa = PBXGroup;
			children = (
				9CF684AE2651550700F97AAF /* MainViewModel.swift */,
			);
			path = ViewModel;
			sourceTree = "<group>";
		};
		ABC8FBBF3C38C78E095854C3 /* Frameworks */ = {
			isa = PBXGroup;
			children = (
				17552A31A8F2171CACAD0323 /* Pods_UsingOssTestFramework.framework */,
				6E12CAC72B8E81E38499339D /* Pods_UsingOssTestFrameworkTests.framework */,
				4796CB685B9DF3A3ABC1033E /* Pods_UsingOssTestFramework_UsingOssTestFrameworkUITests.framework */,
			);
			name = Frameworks;
			sourceTree = "<group>";
		};
		C28A63A7E569EC3BB17E0185 /* Pods */ = {
			isa = PBXGroup;
			children = (
				69BEE239812C08A482272B73 /* Pods-UsingOssTestFramework.debug.xcconfig */,
				3E8AC8B40FC57C65DEFF853F /* Pods-UsingOssTestFramework.release.xcconfig */,
				222A7F39D28699FB52826F0B /* Pods-UsingOssTestFramework-Tests-UsingOssTestFrameworkUITests.debug.xcconfig */,
				FDA77200F4F31B2031E3D7F9 /* Pods-UsingOssTestFramework-Tests-UsingOssTestFrameworkUITests.release.xcconfig */,
				2212AC9797CF38383E35A9BE /* Pods-UsingOssTestFrameworkTests.debug.xcconfig */,
				230A893E4714C6F41D1CC3AC /* Pods-UsingOssTestFrameworkTests.release.xcconfig */,
				EB0B3765DFB28240A89B30B3 /* Pods-UsingOssTestFramework-UsingOssTestFrameworkUITests.debug.xcconfig */,
				F6C114F2D75E8FD41F76C9E5 /* Pods-UsingOssTestFramework-UsingOssTestFrameworkUITests.release.xcconfig */,
			);
			path = Pods;
			sourceTree = "<group>";
		};
/* End PBXGroup section */

/* Begin PBXNativeTarget section */
		9C4825B326513D21007B36B9 /* UsingOssTestFramework */ = {
			isa = PBXNativeTarget;
			buildConfigurationList = 9C4825DE26513D23007B36B9 /* Build configuration list for PBXNativeTarget "UsingOssTestFramework" */;
			buildPhases = (
				F75A8B77B5E91E44A6CAC9C0 /* [CP] Check Pods Manifest.lock */,
				9C4825B026513D21007B36B9 /* Sources */,
				9C4825B126513D21007B36B9 /* Frameworks */,
				9C4825B226513D21007B36B9 /* Resources */,
				3D1C58668274AA390134AA3A /* [CP] Embed Pods Frameworks */,
			);
			buildRules = (
			);
			dependencies = (
			);
			name = UsingOssTestFramework;
			productName = UsingOssTestFramework;
			productReference = 9C4825B426513D21007B36B9 /* UsingOssTestFramework.app */;
			productType = "com.apple.product-type.application";
		};
		9C4825C926513D23007B36B9 /* UsingOssTestFrameworkTests */ = {
			isa = PBXNativeTarget;
			buildConfigurationList = 9C4825E126513D23007B36B9 /* Build configuration list for PBXNativeTarget "UsingOssTestFrameworkTests" */;
			buildPhases = (
				38A8689F9A9FFD32025D891F /* [CP] Check Pods Manifest.lock */,
				9C4825C626513D23007B36B9 /* Sources */,
				9C4825C726513D23007B36B9 /* Frameworks */,
				9C4825C826513D23007B36B9 /* Resources */,
			);
			buildRules = (
			);
			dependencies = (
				9C4825CC26513D23007B36B9 /* PBXTargetDependency */,
			);
			name = UsingOssTestFrameworkTests;
			productName = UsingOssTestFrameworkTests;
			productReference = 9C4825CA26513D23007B36B9 /* UsingOssTestFrameworkTests.xctest */;
			productType = "com.apple.product-type.bundle.unit-test";
		};
		9C4825D426513D23007B36B9 /* UsingOssTestFrameworkUITests */ = {
			isa = PBXNativeTarget;
			buildConfigurationList = 9C4825E426513D23007B36B9 /* Build configuration list for PBXNativeTarget "UsingOssTestFrameworkUITests" */;
			buildPhases = (
				FF8977DDF4D136D32B317F23 /* [CP] Check Pods Manifest.lock */,
				9C4825D126513D23007B36B9 /* Sources */,
				9C4825D226513D23007B36B9 /* Frameworks */,
				9C4825D326513D23007B36B9 /* Resources */,
				22AB8FA88E4A896BC5CC7E3D /* [CP] Embed Pods Frameworks */,
			);
			buildRules = (
			);
			dependencies = (
				9C4825D726513D23007B36B9 /* PBXTargetDependency */,
			);
			name = UsingOssTestFrameworkUITests;
			productName = UsingOssTestFrameworkUITests;
			productReference = 9C4825D526513D23007B36B9 /* UsingOssTestFrameworkUITests.xctest */;
			productType = "com.apple.product-type.bundle.ui-testing";
		};
/* End PBXNativeTarget section */

/* Begin PBXProject section */
		9C4825AC26513D21007B36B9 /* Project object */ = {
			isa = PBXProject;
			attributes = {
				LastSwiftUpdateCheck = 1240;
				LastUpgradeCheck = 1240;
				TargetAttributes = {
					9C4825B326513D21007B36B9 = {
						CreatedOnToolsVersion = 12.4;
					};
					9C4825C926513D23007B36B9 = {
						CreatedOnToolsVersion = 12.4;
						TestTargetID = 9C4825B326513D21007B36B9;
					};
					9C4825D426513D23007B36B9 = {
						CreatedOnToolsVersion = 12.4;
						TestTargetID = 9C4825B326513D21007B36B9;
					};
				};
			};
			buildConfigurationList = 9C4825AF26513D21007B36B9 /* Build configuration list for PBXProject "UsingOssTestFramework" */;
			compatibilityVersion = "Xcode 9.3";
			developmentRegion = en;
			hasScannedForEncodings = 0;
			knownRegions = (
				en,
				Base,
			);
			mainGroup = 9C4825AB26513D21007B36B9;
			productRefGroup = 9C4825B526513D21007B36B9 /* Products */;
			projectDirPath = "";
			projectRoot = "";
			targets = (
				9C4825B326513D21007B36B9 /* UsingOssTestFramework */,
				9C4825C926513D23007B36B9 /* UsingOssTestFrameworkTests */,
				9C4825D426513D23007B36B9 /* UsingOssTestFrameworkUITests */,
			);
		};
/* End PBXProject section */

/* Begin PBXResourcesBuildPhase section */
		9C4825B226513D21007B36B9 /* Resources */ = {
			isa = PBXResourcesBuildPhase;
			buildActionMask = 2147483647;
			files = (
				9C4825C426513D23007B36B9 /* LaunchScreen.storyboard in Resources */,
				9C4825C126513D23007B36B9 /* Assets.xcassets in Resources */,
				9C4825BF26513D21007B36B9 /* Main.storyboard in Resources */,
			);
			runOnlyForDeploymentPostprocessing = 0;
		};
		9C4825C826513D23007B36B9 /* Resources */ = {
			isa = PBXResourcesBuildPhase;
			buildActionMask = 2147483647;
			files = (
			);
			runOnlyForDeploymentPostprocessing = 0;
		};
		9C4825D326513D23007B36B9 /* Resources */ = {
			isa = PBXResourcesBuildPhase;
			buildActionMask = 2147483647;
			files = (
			);
			runOnlyForDeploymentPostprocessing = 0;
		};
/* End PBXResourcesBuildPhase section */

/* Begin PBXShellScriptBuildPhase section */
		22AB8FA88E4A896BC5CC7E3D /* [CP] Embed Pods Frameworks */ = {
			isa = PBXShellScriptBuildPhase;
			buildActionMask = 2147483647;
			files = (
			);
			inputFileListPaths = (
				"${PODS_ROOT}/Target Support Files/Pods-UsingOssTestFramework-UsingOssTestFrameworkUITests/Pods-UsingOssTestFramework-UsingOssTestFrameworkUITests-frameworks-${CONFIGURATION}-input-files.xcfilelist",
			);
			name = "[CP] Embed Pods Frameworks";
			outputFileListPaths = (
				"${PODS_ROOT}/Target Support Files/Pods-UsingOssTestFramework-UsingOssTestFrameworkUITests/Pods-UsingOssTestFramework-UsingOssTestFrameworkUITests-frameworks-${CONFIGURATION}-output-files.xcfilelist",
			);
			runOnlyForDeploymentPostprocessing = 0;
			shellPath = /bin/sh;
			shellScript = "\"${PODS_ROOT}/Target Support Files/Pods-UsingOssTestFramework-UsingOssTestFrameworkUITests/Pods-UsingOssTestFramework-UsingOssTestFrameworkUITests-frameworks.sh\"\n";
			showEnvVarsInLog = 0;
		};
		38A8689F9A9FFD32025D891F /* [CP] Check Pods Manifest.lock */ = {
			isa = PBXShellScriptBuildPhase;
			buildActionMask = 2147483647;
			files = (
			);
			inputFileListPaths = (
			);
			inputPaths = (
				"${PODS_PODFILE_DIR_PATH}/Podfile.lock",
				"${PODS_ROOT}/Manifest.lock",
			);
			name = "[CP] Check Pods Manifest.lock";
			outputFileListPaths = (
			);
			outputPaths = (
				"$(DERIVED_FILE_DIR)/Pods-UsingOssTestFrameworkTests-checkManifestLockResult.txt",
			);
			runOnlyForDeploymentPostprocessing = 0;
			shellPath = /bin/sh;
			shellScript = "diff \"${PODS_PODFILE_DIR_PATH}/Podfile.lock\" \"${PODS_ROOT}/Manifest.lock\" > /dev/null\nif [ $? != 0 ] ; then\n    # print error to STDERR\n    echo \"error: The sandbox is not in sync with the Podfile.lock. Run 'pod install' or update your CocoaPods installation.\" >&2\n    exit 1\nfi\n# This output is used by Xcode 'outputs' to avoid re-running this script phase.\necho \"SUCCESS\" > \"${SCRIPT_OUTPUT_FILE_0}\"\n";
			showEnvVarsInLog = 0;
		};
		3D1C58668274AA390134AA3A /* [CP] Embed Pods Frameworks */ = {
			isa = PBXShellScriptBuildPhase;
			buildActionMask = 2147483647;
			files = (
			);
			inputFileListPaths = (
				"${PODS_ROOT}/Target Support Files/Pods-UsingOssTestFramework/Pods-UsingOssTestFramework-frameworks-${CONFIGURATION}-input-files.xcfilelist",
			);
			name = "[CP] Embed Pods Frameworks";
			outputFileListPaths = (
				"${PODS_ROOT}/Target Support Files/Pods-UsingOssTestFramework/Pods-UsingOssTestFramework-frameworks-${CONFIGURATION}-output-files.xcfilelist",
			);
			runOnlyForDeploymentPostprocessing = 0;
			shellPath = /bin/sh;
			shellScript = "\"${PODS_ROOT}/Target Support Files/Pods-UsingOssTestFramework/Pods-UsingOssTestFramework-frameworks.sh\"\n";
			showEnvVarsInLog = 0;
		};
		F75A8B77B5E91E44A6CAC9C0 /* [CP] Check Pods Manifest.lock */ = {
			isa = PBXShellScriptBuildPhase;
			buildActionMask = 2147483647;
			files = (
			);
			inputFileListPaths = (
			);
			inputPaths = (
				"${PODS_PODFILE_DIR_PATH}/Podfile.lock",
				"${PODS_ROOT}/Manifest.lock",
			);
			name = "[CP] Check Pods Manifest.lock";
			outputFileListPaths = (
			);
			outputPaths = (
				"$(DERIVED_FILE_DIR)/Pods-UsingOssTestFramework-checkManifestLockResult.txt",
			);
			runOnlyForDeploymentPostprocessing = 0;
			shellPath = /bin/sh;
			shellScript = "diff \"${PODS_PODFILE_DIR_PATH}/Podfile.lock\" \"${PODS_ROOT}/Manifest.lock\" > /dev/null\nif [ $? != 0 ] ; then\n    # print error to STDERR\n    echo \"error: The sandbox is not in sync with the Podfile.lock. Run 'pod install' or update your CocoaPods installation.\" >&2\n    exit 1\nfi\n# This output is used by Xcode 'outputs' to avoid re-running this script phase.\necho \"SUCCESS\" > \"${SCRIPT_OUTPUT_FILE_0}\"\n";
			showEnvVarsInLog = 0;
		};
		FF8977DDF4D136D32B317F23 /* [CP] Check Pods Manifest.lock */ = {
			isa = PBXShellScriptBuildPhase;
			buildActionMask = 2147483647;
			files = (
			);
			inputFileListPaths = (
			);
			inputPaths = (
				"${PODS_PODFILE_DIR_PATH}/Podfile.lock",
				"${PODS_ROOT}/Manifest.lock",
			);
			name = "[CP] Check Pods Manifest.lock";
			outputFileListPaths = (
			);
			outputPaths = (
				"$(DERIVED_FILE_DIR)/Pods-UsingOssTestFramework-UsingOssTestFrameworkUITests-checkManifestLockResult.txt",
			);
			runOnlyForDeploymentPostprocessing = 0;
			shellPath = /bin/sh;
			shellScript = "diff \"${PODS_PODFILE_DIR_PATH}/Podfile.lock\" \"${PODS_ROOT}/Manifest.lock\" > /dev/null\nif [ $? != 0 ] ; then\n    # print error to STDERR\n    echo \"error: The sandbox is not in sync with the Podfile.lock. Run 'pod install' or update your CocoaPods installation.\" >&2\n    exit 1\nfi\n# This output is used by Xcode 'outputs' to avoid re-running this script phase.\necho \"SUCCESS\" > \"${SCRIPT_OUTPUT_FILE_0}\"\n";
			showEnvVarsInLog = 0;
		};
/* End PBXShellScriptBuildPhase section */

/* Begin PBXSourcesBuildPhase section */
		9C4825B026513D21007B36B9 /* Sources */ = {
			isa = PBXSourcesBuildPhase;
			buildActionMask = 2147483647;
			files = (
				9C4825BC26513D21007B36B9 /* ViewController.swift in Sources */,
				9C4825B826513D21007B36B9 /* AppDelegate.swift in Sources */,
				9C4825BA26513D21007B36B9 /* SceneDelegate.swift in Sources */,
				9CF684AF2651550700F97AAF /* MainViewModel.swift in Sources */,
			);
			runOnlyForDeploymentPostprocessing = 0;
		};
		9C4825C626513D23007B36B9 /* Sources */ = {
			isa = PBXSourcesBuildPhase;
			buildActionMask = 2147483647;
			files = (
				9C4825CF26513D23007B36B9 /* UsingOssTestFrameworkTests.swift in Sources */,
				9C4825F6265145D1007B36B9 /* SampleTest.swift in Sources */,
			);
			runOnlyForDeploymentPostprocessing = 0;
		};
		9C4825D126513D23007B36B9 /* Sources */ = {
			isa = PBXSourcesBuildPhase;
			buildActionMask = 2147483647;
			files = (
				9C4825DA26513D23007B36B9 /* UsingOssTestFrameworkUITests.swift in Sources */,
			);
			runOnlyForDeploymentPostprocessing = 0;
		};
/* End PBXSourcesBuildPhase section */

/* Begin PBXTargetDependency section */
		9C4825CC26513D23007B36B9 /* PBXTargetDependency */ = {
			isa = PBXTargetDependency;
			target = 9C4825B326513D21007B36B9 /* UsingOssTestFramework */;
			targetProxy = 9C4825CB26513D23007B36B9 /* PBXContainerItemProxy */;
		};
		9C4825D726513D23007B36B9 /* PBXTargetDependency */ = {
			isa = PBXTargetDependency;
			target = 9C4825B326513D21007B36B9 /* UsingOssTestFramework */;
			targetProxy = 9C4825D626513D23007B36B9 /* PBXContainerItemProxy */;
		};
/* End PBXTargetDependency section */

/* Begin PBXVariantGroup section */
		9C4825BD26513D21007B36B9 /* Main.storyboard */ = {
			isa = PBXVariantGroup;
			children = (
				9C4825BE26513D21007B36B9 /* Base */,
			);
			name = Main.storyboard;
			sourceTree = "<group>";
		};
		9C4825C226513D23007B36B9 /* LaunchScreen.storyboard */ = {
			isa = PBXVariantGroup;
			children = (
				9C4825C326513D23007B36B9 /* Base */,
			);
			name = LaunchScreen.storyboard;
			sourceTree = "<group>";
		};
/* End PBXVariantGroup section */

/* Begin XCBuildConfiguration section */
		9C4825DC26513D23007B36B9 /* Debug */ = {
			isa = XCBuildConfiguration;
			buildSettings = {
				ALWAYS_SEARCH_USER_PATHS = NO;
				CLANG_ANALYZER_NONNULL = YES;
				CLANG_ANALYZER_NUMBER_OBJECT_CONVERSION = YES_AGGRESSIVE;
				CLANG_CXX_LANGUAGE_STANDARD = "gnu++14";
				CLANG_CXX_LIBRARY = "libc++";
				CLANG_ENABLE_MODULES = YES;
				CLANG_ENABLE_OBJC_ARC = YES;
				CLANG_ENABLE_OBJC_WEAK = YES;
				CLANG_WARN_BLOCK_CAPTURE_AUTORELEASING = YES;
				CLANG_WARN_BOOL_CONVERSION = YES;
				CLANG_WARN_COMMA = YES;
				CLANG_WARN_CONSTANT_CONVERSION = YES;
				CLANG_WARN_DEPRECATED_OBJC_IMPLEMENTATIONS = YES;
				CLANG_WARN_DIRECT_OBJC_ISA_USAGE = YES_ERROR;
				CLANG_WARN_DOCUMENTATION_COMMENTS = YES;
				CLANG_WARN_EMPTY_BODY = YES;
				CLANG_WARN_ENUM_CONVERSION = YES;
				CLANG_WARN_INFINITE_RECURSION = YES;
				CLANG_WARN_INT_CONVERSION = YES;
				CLANG_WARN_NON_LITERAL_NULL_CONVERSION = YES;
				CLANG_WARN_OBJC_IMPLICIT_RETAIN_SELF = YES;
				CLANG_WARN_OBJC_LITERAL_CONVERSION = YES;
				CLANG_WARN_OBJC_ROOT_CLASS = YES_ERROR;
				CLANG_WARN_QUOTED_INCLUDE_IN_FRAMEWORK_HEADER = YES;
				CLANG_WARN_RANGE_LOOP_ANALYSIS = YES;
				CLANG_WARN_STRICT_PROTOTYPES = YES;
				CLANG_WARN_SUSPICIOUS_MOVE = YES;
				CLANG_WARN_UNGUARDED_AVAILABILITY = YES_AGGRESSIVE;
				CLANG_WARN_UNREACHABLE_CODE = YES;
				CLANG_WARN__DUPLICATE_METHOD_MATCH = YES;
				COPY_PHASE_STRIP = NO;
				DEBUG_INFORMATION_FORMAT = dwarf;
				ENABLE_STRICT_OBJC_MSGSEND = YES;
				ENABLE_TESTABILITY = YES;
				GCC_C_LANGUAGE_STANDARD = gnu11;
				GCC_DYNAMIC_NO_PIC = NO;
				GCC_NO_COMMON_BLOCKS = YES;
				GCC_OPTIMIZATION_LEVEL = 0;
				GCC_PREPROCESSOR_DEFINITIONS = (
					"DEBUG=1",
					"$(inherited)",
				);
				GCC_WARN_64_TO_32_BIT_CONVERSION = YES;
				GCC_WARN_ABOUT_RETURN_TYPE = YES_ERROR;
				GCC_WARN_UNDECLARED_SELECTOR = YES;
				GCC_WARN_UNINITIALIZED_AUTOS = YES_AGGRESSIVE;
				GCC_WARN_UNUSED_FUNCTION = YES;
				GCC_WARN_UNUSED_VARIABLE = YES;
				IPHONEOS_DEPLOYMENT_TARGET = 14.4;
				MTL_ENABLE_DEBUG_INFO = INCLUDE_SOURCE;
				MTL_FAST_MATH = YES;
				ONLY_ACTIVE_ARCH = YES;
				SDKROOT = iphoneos;
				SWIFT_ACTIVE_COMPILATION_CONDITIONS = DEBUG;
				SWIFT_OPTIMIZATION_LEVEL = "-Onone";
			};
			name = Debug;
		};
		9C4825DD26513D23007B36B9 /* Release */ = {
			isa = XCBuildConfiguration;
			buildSettings = {
				ALWAYS_SEARCH_USER_PATHS = NO;
				CLANG_ANALYZER_NONNULL = YES;
				CLANG_ANALYZER_NUMBER_OBJECT_CONVERSION = YES_AGGRESSIVE;
				CLANG_CXX_LANGUAGE_STANDARD = "gnu++14";
				CLANG_CXX_LIBRARY = "libc++";
				CLANG_ENABLE_MODULES = YES;
				CLANG_ENABLE_OBJC_ARC = YES;
				CLANG_ENABLE_OBJC_WEAK = YES;
				CLANG_WARN_BLOCK_CAPTURE_AUTORELEASING = YES;
				CLANG_WARN_BOOL_CONVERSION = YES;
				CLANG_WARN_COMMA = YES;
				CLANG_WARN_CONSTANT_CONVERSION = YES;
				CLANG_WARN_DEPRECATED_OBJC_IMPLEMENTATIONS = YES;
				CLANG_WARN_DIRECT_OBJC_ISA_USAGE = YES_ERROR;
				CLANG_WARN_DOCUMENTATION_COMMENTS = YES;
				CLANG_WARN_EMPTY_BODY = YES;
				CLANG_WARN_ENUM_CONVERSION = YES;
				CLANG_WARN_INFINITE_RECURSION = YES;
				CLANG_WARN_INT_CONVERSION = YES;
				CLANG_WARN_NON_LITERAL_NULL_CONVERSION = YES;
				CLANG_WARN_OBJC_IMPLICIT_RETAIN_SELF = YES;
				CLANG_WARN_OBJC_LITERAL_CONVERSION = YES;
				CLANG_WARN_OBJC_ROOT_CLASS = YES_ERROR;
				CLANG_WARN_QUOTED_INCLUDE_IN_FRAMEWORK_HEADER = YES;
				CLANG_WARN_RANGE_LOOP_ANALYSIS = YES;
				CLANG_WARN_STRICT_PROTOTYPES = YES;
				CLANG_WARN_SUSPICIOUS_MOVE = YES;
				CLANG_WARN_UNGUARDED_AVAILABILITY = YES_AGGRESSIVE;
				CLANG_WARN_UNREACHABLE_CODE = YES;
				CLANG_WARN__DUPLICATE_METHOD_MATCH = YES;
				COPY_PHASE_STRIP = NO;
				DEBUG_INFORMATION_FORMAT = "dwarf-with-dsym";
				ENABLE_NS_ASSERTIONS = NO;
				ENABLE_STRICT_OBJC_MSGSEND = YES;
				GCC_C_LANGUAGE_STANDARD = gnu11;
				GCC_NO_COMMON_BLOCKS = YES;
				GCC_WARN_64_TO_32_BIT_CONVERSION = YES;
				GCC_WARN_ABOUT_RETURN_TYPE = YES_ERROR;
				GCC_WARN_UNDECLARED_SELECTOR = YES;
				GCC_WARN_UNINITIALIZED_AUTOS = YES_AGGRESSIVE;
				GCC_WARN_UNUSED_FUNCTION = YES;
				GCC_WARN_UNUSED_VARIABLE = YES;
				IPHONEOS_DEPLOYMENT_TARGET = 14.4;
				MTL_ENABLE_DEBUG_INFO = NO;
				MTL_FAST_MATH = YES;
				SDKROOT = iphoneos;
				SWIFT_COMPILATION_MODE = wholemodule;
				SWIFT_OPTIMIZATION_LEVEL = "-O";
				VALIDATE_PRODUCT = YES;
			};
			name = Release;
		};
		9C4825DF26513D23007B36B9 /* Debug */ = {
			isa = XCBuildConfiguration;
			baseConfigurationReference = 69BEE239812C08A482272B73 /* Pods-UsingOssTestFramework.debug.xcconfig */;
			buildSettings = {
				ASSETCATALOG_COMPILER_APPICON_NAME = AppIcon;
				ASSETCATALOG_COMPILER_GLOBAL_ACCENT_COLOR_NAME = AccentColor;
				CODE_SIGN_STYLE = Automatic;
				DEVELOPMENT_TEAM = 2XL9QYTD77;
				INFOPLIST_FILE = UsingOssTestFramework/Info.plist;
				LD_RUNPATH_SEARCH_PATHS = (
					"$(inherited)",
					"@executable_path/Frameworks",
				);
				PRODUCT_BUNDLE_IDENTIFIER = jp.shusuke.ota.UsingOssTestFramework;
				PRODUCT_NAME = "$(TARGET_NAME)";
				SWIFT_VERSION = 5.0;
				TARGETED_DEVICE_FAMILY = "1,2";
			};
			name = Debug;
		};
		9C4825E026513D23007B36B9 /* Release */ = {
			isa = XCBuildConfiguration;
			baseConfigurationReference = 3E8AC8B40FC57C65DEFF853F /* Pods-UsingOssTestFramework.release.xcconfig */;
			buildSettings = {
				ASSETCATALOG_COMPILER_APPICON_NAME = AppIcon;
				ASSETCATALOG_COMPILER_GLOBAL_ACCENT_COLOR_NAME = AccentColor;
				CODE_SIGN_STYLE = Automatic;
				DEVELOPMENT_TEAM = 2XL9QYTD77;
				INFOPLIST_FILE = UsingOssTestFramework/Info.plist;
				LD_RUNPATH_SEARCH_PATHS = (
					"$(inherited)",
					"@executable_path/Frameworks",
				);
				PRODUCT_BUNDLE_IDENTIFIER = jp.shusuke.ota.UsingOssTestFramework;
				PRODUCT_NAME = "$(TARGET_NAME)";
				SWIFT_VERSION = 5.0;
				TARGETED_DEVICE_FAMILY = "1,2";
			};
			name = Release;
		};
		9C4825E226513D23007B36B9 /* Debug */ = {
			isa = XCBuildConfiguration;
			baseConfigurationReference = 2212AC9797CF38383E35A9BE /* Pods-UsingOssTestFrameworkTests.debug.xcconfig */;
			buildSettings = {
				ALWAYS_EMBED_SWIFT_STANDARD_LIBRARIES = YES;
				BUNDLE_LOADER = "$(TEST_HOST)";
				CODE_SIGN_STYLE = Automatic;
				DEVELOPMENT_TEAM = 2XL9QYTD77;
				INFOPLIST_FILE = UsingOssTestFrameworkTests/Info.plist;
				IPHONEOS_DEPLOYMENT_TARGET = 14.4;
				LD_RUNPATH_SEARCH_PATHS = (
					"$(inherited)",
					"@executable_path/Frameworks",
					"@loader_path/Frameworks",
				);
				PRODUCT_BUNDLE_IDENTIFIER = jp.shusuke.ota.UsingOssTestFrameworkTests;
				PRODUCT_NAME = "$(TARGET_NAME)";
				SWIFT_VERSION = 5.0;
				TARGETED_DEVICE_FAMILY = "1,2";
				TEST_HOST = "$(BUILT_PRODUCTS_DIR)/UsingOssTestFramework.app/UsingOssTestFramework";
			};
			name = Debug;
		};
		9C4825E326513D23007B36B9 /* Release */ = {
			isa = XCBuildConfiguration;
			baseConfigurationReference = 230A893E4714C6F41D1CC3AC /* Pods-UsingOssTestFrameworkTests.release.xcconfig */;
			buildSettings = {
				ALWAYS_EMBED_SWIFT_STANDARD_LIBRARIES = YES;
				BUNDLE_LOADER = "$(TEST_HOST)";
				CODE_SIGN_STYLE = Automatic;
				DEVELOPMENT_TEAM = 2XL9QYTD77;
				INFOPLIST_FILE = UsingOssTestFrameworkTests/Info.plist;
				IPHONEOS_DEPLOYMENT_TARGET = 14.4;
				LD_RUNPATH_SEARCH_PATHS = (
					"$(inherited)",
					"@executable_path/Frameworks",
					"@loader_path/Frameworks",
				);
				PRODUCT_BUNDLE_IDENTIFIER = jp.shusuke.ota.UsingOssTestFrameworkTests;
				PRODUCT_NAME = "$(TARGET_NAME)";
				SWIFT_VERSION = 5.0;
				TARGETED_DEVICE_FAMILY = "1,2";
				TEST_HOST = "$(BUILT_PRODUCTS_DIR)/UsingOssTestFramework.app/UsingOssTestFramework";
			};
			name = Release;
		};
		9C4825E526513D23007B36B9 /* Debug */ = {
			isa = XCBuildConfiguration;
			baseConfigurationReference = EB0B3765DFB28240A89B30B3 /* Pods-UsingOssTestFramework-UsingOssTestFrameworkUITests.debug.xcconfig */;
			buildSettings = {
				ALWAYS_EMBED_SWIFT_STANDARD_LIBRARIES = YES;
				CODE_SIGN_STYLE = Automatic;
				DEVELOPMENT_TEAM = 2XL9QYTD77;
				INFOPLIST_FILE = UsingOssTestFrameworkUITests/Info.plist;
				LD_RUNPATH_SEARCH_PATHS = (
					"$(inherited)",
					"@executable_path/Frameworks",
					"@loader_path/Frameworks",
				);
				PRODUCT_BUNDLE_IDENTIFIER = jp.shusuke.ota.UsingOssTestFrameworkUITests;
				PRODUCT_NAME = "$(TARGET_NAME)";
				SWIFT_VERSION = 5.0;
				TARGETED_DEVICE_FAMILY = "1,2";
				TEST_TARGET_NAME = UsingOssTestFramework;
			};
			name = Debug;
		};
		9C4825E626513D23007B36B9 /* Release */ = {
			isa = XCBuildConfiguration;
			baseConfigurationReference = F6C114F2D75E8FD41F76C9E5 /* Pods-UsingOssTestFramework-UsingOssTestFrameworkUITests.release.xcconfig */;
			buildSettings = {
				ALWAYS_EMBED_SWIFT_STANDARD_LIBRARIES = YES;
				CODE_SIGN_STYLE = Automatic;
				DEVELOPMENT_TEAM = 2XL9QYTD77;
				INFOPLIST_FILE = UsingOssTestFrameworkUITests/Info.plist;
				LD_RUNPATH_SEARCH_PATHS = (
					"$(inherited)",
					"@executable_path/Frameworks",
					"@loader_path/Frameworks",
				);
				PRODUCT_BUNDLE_IDENTIFIER = jp.shusuke.ota.UsingOssTestFrameworkUITests;
				PRODUCT_NAME = "$(TARGET_NAME)";
				SWIFT_VERSION = 5.0;
				TARGETED_DEVICE_FAMILY = "1,2";
				TEST_TARGET_NAME = UsingOssTestFramework;
			};
			name = Release;
		};
/* End XCBuildConfiguration section */

/* Begin XCConfigurationList section */
		9C4825AF26513D21007B36B9 /* Build configuration list for PBXProject "UsingOssTestFramework" */ = {
			isa = XCConfigurationList;
			buildConfigurations = (
				9C4825DC26513D23007B36B9 /* Debug */,
				9C4825DD26513D23007B36B9 /* Release */,
			);
			defaultConfigurationIsVisible = 0;
			defaultConfigurationName = Release;
		};
		9C4825DE26513D23007B36B9 /* Build configuration list for PBXNativeTarget "UsingOssTestFramework" */ = {
			isa = XCConfigurationList;
			buildConfigurations = (
				9C4825DF26513D23007B36B9 /* Debug */,
				9C4825E026513D23007B36B9 /* Release */,
			);
			defaultConfigurationIsVisible = 0;
			defaultConfigurationName = Release;
		};
		9C4825E126513D23007B36B9 /* Build configuration list for PBXNativeTarget "UsingOssTestFrameworkTests" */ = {
			isa = XCConfigurationList;
			buildConfigurations = (
				9C4825E226513D23007B36B9 /* Debug */,
				9C4825E326513D23007B36B9 /* Release */,
			);
			defaultConfigurationIsVisible = 0;
			defaultConfigurationName = Release;
		};
		9C4825E426513D23007B36B9 /* Build configuration list for PBXNativeTarget "UsingOssTestFrameworkUITests" */ = {
			isa = XCConfigurationList;
			buildConfigurations = (
				9C4825E526513D23007B36B9 /* Debug */,
				9C4825E626513D23007B36B9 /* Release */,
			);
			defaultConfigurationIsVisible = 0;
			defaultConfigurationName = Release;
		};
/* End XCConfigurationList section */
	};
	rootObject = 9C4825AC26513D21007B36B9 /* Project object */;
}
