// !$*UTF8*$!
{
	archiveVersion = 1;
	classes = {
	};
	objectVersion = 50;
	objects = {

/* Begin PBXBuildFile section */
		9C907F1D25C69F17002A0C4A /* AppDelegate.swift in Sources */ = {isa = PBXBuildFile; fileRef = 9C907F1C25C69F17002A0C4A /* AppDelegate.swift */; };
		9C907F1F25C69F17002A0C4A /* SceneDelegate.swift in Sources */ = {isa = PBXBuildFile; fileRef = 9C907F1E25C69F17002A0C4A /* SceneDelegate.swift */; };
		9C907F2125C69F17002A0C4A /* MainViewController.swift in Sources */ = {isa = PBXBuildFile; fileRef = 9C907F2025C69F17002A0C4A /* MainViewController.swift */; };
		9C907F2425C69F17002A0C4A /* MainViewController.storyboard in Resources */ = {isa = PBXBuildFile; fileRef = 9C907F2225C69F17002A0C4A /* MainViewController.storyboard */; };
		9C907F2625C69F1A002A0C4A /* Assets.xcassets in Resources */ = {isa = PBXBuildFile; fileRef = 9C907F2525C69F1A002A0C4A /* Assets.xcassets */; };
		9C907F2925C69F1A002A0C4A /* LaunchScreen.storyboard in Resources */ = {isa = PBXBuildFile; fileRef = 9C907F2725C69F1A002A0C4A /* LaunchScreen.storyboard */; };
		9C907F3425C69F1A002A0C4A /* MainViewModelTests.swift in Sources */ = {isa = PBXBuildFile; fileRef = 9C907F3325C69F1A002A0C4A /* MainViewModelTests.swift */; };
		9C907F3F25C69F1A002A0C4A /* TestCodeSampleUITests.swift in Sources */ = {isa = PBXBuildFile; fileRef = 9C907F3E25C69F1A002A0C4A /* TestCodeSampleUITests.swift */; };
		9C968BCD25C6C49E0049507D /* MainBaseView.swift in Sources */ = {isa = PBXBuildFile; fileRef = 9C968BCC25C6C49E0049507D /* MainBaseView.swift */; };
		9C968BD525C6C4D10049507D /* MainViewModel.swift in Sources */ = {isa = PBXBuildFile; fileRef = 9C968BD425C6C4D10049507D /* MainViewModel.swift */; };
/* End PBXBuildFile section */

/* Begin PBXContainerItemProxy section */
		9C907F3025C69F1A002A0C4A /* PBXContainerItemProxy */ = {
			isa = PBXContainerItemProxy;
			containerPortal = 9C907F1125C69F17002A0C4A /* Project object */;
			proxyType = 1;
			remoteGlobalIDString = 9C907F1825C69F17002A0C4A;
			remoteInfo = TestCodeSample;
		};
		9C907F3B25C69F1A002A0C4A /* PBXContainerItemProxy */ = {
			isa = PBXContainerItemProxy;
			containerPortal = 9C907F1125C69F17002A0C4A /* Project object */;
			proxyType = 1;
			remoteGlobalIDString = 9C907F1825C69F17002A0C4A;
			remoteInfo = TestCodeSample;
		};
/* End PBXContainerItemProxy section */

/* Begin PBXFileReference section */
		9C907F1925C69F17002A0C4A /* TestCodeSample.app */ = {isa = PBXFileReference; explicitFileType = wrapper.application; includeInIndex = 0; path = TestCodeSample.app; sourceTree = BUILT_PRODUCTS_DIR; };
		9C907F1C25C69F17002A0C4A /* AppDelegate.swift */ = {isa = PBXFileReference; lastKnownFileType = sourcecode.swift; path = AppDelegate.swift; sourceTree = "<group>"; };
		9C907F1E25C69F17002A0C4A /* SceneDelegate.swift */ = {isa = PBXFileReference; lastKnownFileType = sourcecode.swift; path = SceneDelegate.swift; sourceTree = "<group>"; };
		9C907F2025C69F17002A0C4A /* MainViewController.swift */ = {isa = PBXFileReference; lastKnownFileType = sourcecode.swift; path = MainViewController.swift; sourceTree = "<group>"; };
		9C907F2325C69F17002A0C4A /* Base */ = {isa = PBXFileReference; lastKnownFileType = file.storyboard; name = Base; path = Base.lproj/MainViewController.storyboard; sourceTree = "<group>"; };
		9C907F2525C69F1A002A0C4A /* Assets.xcassets */ = {isa = PBXFileReference; lastKnownFileType = folder.assetcatalog; path = Assets.xcassets; sourceTree = "<group>"; };
		9C907F2825C69F1A002A0C4A /* Base */ = {isa = PBXFileReference; lastKnownFileType = file.storyboard; name = Base; path = Base.lproj/LaunchScreen.storyboard; sourceTree = "<group>"; };
		9C907F2A25C69F1A002A0C4A /* Info.plist */ = {isa = PBXFileReference; lastKnownFileType = text.plist.xml; path = Info.plist; sourceTree = "<group>"; };
		9C907F2F25C69F1A002A0C4A /* TestCodeSampleTests.xctest */ = {isa = PBXFileReference; explicitFileType = wrapper.cfbundle; includeInIndex = 0; path = TestCodeSampleTests.xctest; sourceTree = BUILT_PRODUCTS_DIR; };
		9C907F3325C69F1A002A0C4A /* MainViewModelTests.swift */ = {isa = PBXFileReference; lastKnownFileType = sourcecode.swift; path = MainViewModelTests.swift; sourceTree = "<group>"; };
		9C907F3525C69F1A002A0C4A /* Info.plist */ = {isa = PBXFileReference; lastKnownFileType = text.plist.xml; path = Info.plist; sourceTree = "<group>"; };
		9C907F3A25C69F1A002A0C4A /* TestCodeSampleUITests.xctest */ = {isa = PBXFileReference; explicitFileType = wrapper.cfbundle; includeInIndex = 0; path = TestCodeSampleUITests.xctest; sourceTree = BUILT_PRODUCTS_DIR; };
		9C907F3E25C69F1A002A0C4A /* TestCodeSampleUITests.swift */ = {isa = PBXFileReference; lastKnownFileType = sourcecode.swift; path = TestCodeSampleUITests.swift; sourceTree = "<group>"; };
		9C907F4025C69F1A002A0C4A /* Info.plist */ = {isa = PBXFileReference; lastKnownFileType = text.plist.xml; path = Info.plist; sourceTree = "<group>"; };
		9C968BCC25C6C49E0049507D /* MainBaseView.swift */ = {isa = PBXFileReference; lastKnownFileType = sourcecode.swift; path = MainBaseView.swift; sourceTree = "<group>"; };
		9C968BD425C6C4D10049507D /* MainViewModel.swift */ = {isa = PBXFileReference; lastKnownFileType = sourcecode.swift; path = MainViewModel.swift; sourceTree = "<group>"; };
/* End PBXFileReference section */

/* Begin PBXFrameworksBuildPhase section */
		9C907F1625C69F17002A0C4A /* Frameworks */ = {
			isa = PBXFrameworksBuildPhase;
			buildActionMask = 2147483647;
			files = (
			);
			runOnlyForDeploymentPostprocessing = 0;
		};
		9C907F2C25C69F1A002A0C4A /* Frameworks */ = {
			isa = PBXFrameworksBuildPhase;
			buildActionMask = 2147483647;
			files = (
			);
			runOnlyForDeploymentPostprocessing = 0;
		};
		9C907F3725C69F1A002A0C4A /* Frameworks */ = {
			isa = PBXFrameworksBuildPhase;
			buildActionMask = 2147483647;
			files = (
			);
			runOnlyForDeploymentPostprocessing = 0;
		};
/* End PBXFrameworksBuildPhase section */

/* Begin PBXGroup section */
		9C907F1025C69F17002A0C4A = {
			isa = PBXGroup;
			children = (
				9C907F1B25C69F17002A0C4A /* TestCodeSample */,
				9C907F3225C69F1A002A0C4A /* TestCodeSampleTests */,
				9C907F3D25C69F1A002A0C4A /* TestCodeSampleUITests */,
				9C907F1A25C69F17002A0C4A /* Products */,
			);
			sourceTree = "<group>";
		};
		9C907F1A25C69F17002A0C4A /* Products */ = {
			isa = PBXGroup;
			children = (
				9C907F1925C69F17002A0C4A /* TestCodeSample.app */,
				9C907F2F25C69F1A002A0C4A /* TestCodeSampleTests.xctest */,
				9C907F3A25C69F1A002A0C4A /* TestCodeSampleUITests.xctest */,
			);
			name = Products;
			sourceTree = "<group>";
		};
		9C907F1B25C69F17002A0C4A /* TestCodeSample */ = {
			isa = PBXGroup;
			children = (
				9C968BCA25C6C4790049507D /* ViewModel */,
				9C968BC925C6C4650049507D /* View */,
				9C968BC525C6BEA00049507D /* Storyboard */,
				9C968BC425C6BE8F0049507D /* ViewController */,
				9C907F1C25C69F17002A0C4A /* AppDelegate.swift */,
				9C907F1E25C69F17002A0C4A /* SceneDelegate.swift */,
				9C907F2525C69F1A002A0C4A /* Assets.xcassets */,
				9C907F2725C69F1A002A0C4A /* LaunchScreen.storyboard */,
				9C907F2A25C69F1A002A0C4A /* Info.plist */,
			);
			path = TestCodeSample;
			sourceTree = "<group>";
		};
		9C907F3225C69F1A002A0C4A /* TestCodeSampleTests */ = {
			isa = PBXGroup;
			children = (
				9C968BD925C6D4810049507D /* ViewModel */,
				9C907F3525C69F1A002A0C4A /* Info.plist */,
			);
			path = TestCodeSampleTests;
			sourceTree = "<group>";
		};
		9C907F3D25C69F1A002A0C4A /* TestCodeSampleUITests */ = {
			isa = PBXGroup;
			children = (
				9C907F3E25C69F1A002A0C4A /* TestCodeSampleUITests.swift */,
				9C907F4025C69F1A002A0C4A /* Info.plist */,
			);
			path = TestCodeSampleUITests;
			sourceTree = "<group>";
		};
		9C968BC425C6BE8F0049507D /* ViewController */ = {
			isa = PBXGroup;
			children = (
				9C907F2025C69F17002A0C4A /* MainViewController.swift */,
			);
			path = ViewController;
			sourceTree = "<group>";
		};
		9C968BC525C6BEA00049507D /* Storyboard */ = {
			isa = PBXGroup;
			children = (
				9C907F2225C69F17002A0C4A /* MainViewController.storyboard */,
			);
			path = Storyboard;
			sourceTree = "<group>";
		};
		9C968BC925C6C4650049507D /* View */ = {
			isa = PBXGroup;
			children = (
				9C968BCB25C6C4810049507D /* BaseView */,
			);
			path = View;
			sourceTree = "<group>";
		};
		9C968BCA25C6C4790049507D /* ViewModel */ = {
			isa = PBXGroup;
			children = (
				9C968BD425C6C4D10049507D /* MainViewModel.swift */,
			);
			path = ViewModel;
			sourceTree = "<group>";
		};
		9C968BCB25C6C4810049507D /* BaseView */ = {
			isa = PBXGroup;
			children = (
				9C968BCC25C6C49E0049507D /* MainBaseView.swift */,
			);
			path = BaseView;
			sourceTree = "<group>";
		};
		9C968BD925C6D4810049507D /* ViewModel */ = {
			isa = PBXGroup;
			children = (
				9C907F3325C69F1A002A0C4A /* MainViewModelTests.swift */,
			);
			path = ViewModel;
			sourceTree = "<group>";
		};
/* End PBXGroup section */

/* Begin PBXNativeTarget section */
		9C907F1825C69F17002A0C4A /* TestCodeSample */ = {
			isa = PBXNativeTarget;
			buildConfigurationList = 9C907F4325C69F1A002A0C4A /* Build configuration list for PBXNativeTarget "TestCodeSample" */;
			buildPhases = (
				9C907F1525C69F17002A0C4A /* Sources */,
				9C907F1625C69F17002A0C4A /* Frameworks */,
				9C907F1725C69F17002A0C4A /* Resources */,
				9C907F4F25C6A426002A0C4A /* SwiftLint Run Script */,
			);
			buildRules = (
			);
			dependencies = (
			);
			name = TestCodeSample;
			productName = TestCodeSample;
			productReference = 9C907F1925C69F17002A0C4A /* TestCodeSample.app */;
			productType = "com.apple.product-type.application";
		};
		9C907F2E25C69F1A002A0C4A /* TestCodeSampleTests */ = {
			isa = PBXNativeTarget;
			buildConfigurationList = 9C907F4625C69F1A002A0C4A /* Build configuration list for PBXNativeTarget "TestCodeSampleTests" */;
			buildPhases = (
				9C907F2B25C69F1A002A0C4A /* Sources */,
				9C907F2C25C69F1A002A0C4A /* Frameworks */,
				9C907F2D25C69F1A002A0C4A /* Resources */,
			);
			buildRules = (
			);
			dependencies = (
				9C907F3125C69F1A002A0C4A /* PBXTargetDependency */,
			);
			name = TestCodeSampleTests;
			productName = TestCodeSampleTests;
			productReference = 9C907F2F25C69F1A002A0C4A /* TestCodeSampleTests.xctest */;
			productType = "com.apple.product-type.bundle.unit-test";
		};
		9C907F3925C69F1A002A0C4A /* TestCodeSampleUITests */ = {
			isa = PBXNativeTarget;
			buildConfigurationList = 9C907F4925C69F1A002A0C4A /* Build configuration list for PBXNativeTarget "TestCodeSampleUITests" */;
			buildPhases = (
				9C907F3625C69F1A002A0C4A /* Sources */,
				9C907F3725C69F1A002A0C4A /* Frameworks */,
				9C907F3825C69F1A002A0C4A /* Resources */,
			);
			buildRules = (
			);
			dependencies = (
				9C907F3C25C69F1A002A0C4A /* PBXTargetDependency */,
			);
			name = TestCodeSampleUITests;
			productName = TestCodeSampleUITests;
			productReference = 9C907F3A25C69F1A002A0C4A /* TestCodeSampleUITests.xctest */;
			productType = "com.apple.product-type.bundle.ui-testing";
		};
/* End PBXNativeTarget section */

/* Begin PBXProject section */
		9C907F1125C69F17002A0C4A /* Project object */ = {
			isa = PBXProject;
			attributes = {
				LastSwiftUpdateCheck = 1240;
				LastUpgradeCheck = 1240;
				TargetAttributes = {
					9C907F1825C69F17002A0C4A = {
						CreatedOnToolsVersion = 12.4;
					};
					9C907F2E25C69F1A002A0C4A = {
						CreatedOnToolsVersion = 12.4;
						TestTargetID = 9C907F1825C69F17002A0C4A;
					};
					9C907F3925C69F1A002A0C4A = {
						CreatedOnToolsVersion = 12.4;
						TestTargetID = 9C907F1825C69F17002A0C4A;
					};
				};
			};
			buildConfigurationList = 9C907F1425C69F17002A0C4A /* Build configuration list for PBXProject "TestCodeSample" */;
			compatibilityVersion = "Xcode 9.3";
			developmentRegion = en;
			hasScannedForEncodings = 0;
			knownRegions = (
				en,
				Base,
			);
			mainGroup = 9C907F1025C69F17002A0C4A;
			productRefGroup = 9C907F1A25C69F17002A0C4A /* Products */;
			projectDirPath = "";
			projectRoot = "";
			targets = (
				9C907F1825C69F17002A0C4A /* TestCodeSample */,
				9C907F2E25C69F1A002A0C4A /* TestCodeSampleTests */,
				9C907F3925C69F1A002A0C4A /* TestCodeSampleUITests */,
			);
		};
/* End PBXProject section */

/* Begin PBXResourcesBuildPhase section */
		9C907F1725C69F17002A0C4A /* Resources */ = {
			isa = PBXResourcesBuildPhase;
			buildActionMask = 2147483647;
			files = (
				9C907F2925C69F1A002A0C4A /* LaunchScreen.storyboard in Resources */,
				9C907F2625C69F1A002A0C4A /* Assets.xcassets in Resources */,
				9C907F2425C69F17002A0C4A /* MainViewController.storyboard in Resources */,
			);
			runOnlyForDeploymentPostprocessing = 0;
		};
		9C907F2D25C69F1A002A0C4A /* Resources */ = {
			isa = PBXResourcesBuildPhase;
			buildActionMask = 2147483647;
			files = (
			);
			runOnlyForDeploymentPostprocessing = 0;
		};
		9C907F3825C69F1A002A0C4A /* Resources */ = {
			isa = PBXResourcesBuildPhase;
			buildActionMask = 2147483647;
			files = (
			);
			runOnlyForDeploymentPostprocessing = 0;
		};
/* End PBXResourcesBuildPhase section */

/* Begin PBXShellScriptBuildPhase section */
		9C907F4F25C6A426002A0C4A /* SwiftLint Run Script */ = {
			isa = PBXShellScriptBuildPhase;
			buildActionMask = 2147483647;
			files = (
			);
			inputFileListPaths = (
			);
			inputPaths = (
			);
			name = "SwiftLint Run Script";
			outputFileListPaths = (
			);
			outputPaths = (
			);
			runOnlyForDeploymentPostprocessing = 0;
			shellPath = /bin/sh;
			shellScript = ". ${PROJECT_DIR}/Script/SwiftLint.sh\n";
		};
/* End PBXShellScriptBuildPhase section */

/* Begin PBXSourcesBuildPhase section */
		9C907F1525C69F17002A0C4A /* Sources */ = {
			isa = PBXSourcesBuildPhase;
			buildActionMask = 2147483647;
			files = (
				9C968BD525C6C4D10049507D /* MainViewModel.swift in Sources */,
				9C968BCD25C6C49E0049507D /* MainBaseView.swift in Sources */,
				9C907F2125C69F17002A0C4A /* MainViewController.swift in Sources */,
				9C907F1D25C69F17002A0C4A /* AppDelegate.swift in Sources */,
				9C907F1F25C69F17002A0C4A /* SceneDelegate.swift in Sources */,
			);
			runOnlyForDeploymentPostprocessing = 0;
		};
		9C907F2B25C69F1A002A0C4A /* Sources */ = {
			isa = PBXSourcesBuildPhase;
			buildActionMask = 2147483647;
			files = (
				9C907F3425C69F1A002A0C4A /* MainViewModelTests.swift in Sources */,
			);
			runOnlyForDeploymentPostprocessing = 0;
		};
		9C907F3625C69F1A002A0C4A /* Sources */ = {
			isa = PBXSourcesBuildPhase;
			buildActionMask = 2147483647;
			files = (
				9C907F3F25C69F1A002A0C4A /* TestCodeSampleUITests.swift in Sources */,
			);
			runOnlyForDeploymentPostprocessing = 0;
		};
/* End PBXSourcesBuildPhase section */

/* Begin PBXTargetDependency section */
		9C907F3125C69F1A002A0C4A /* PBXTargetDependency */ = {
			isa = PBXTargetDependency;
			target = 9C907F1825C69F17002A0C4A /* TestCodeSample */;
			targetProxy = 9C907F3025C69F1A002A0C4A /* PBXContainerItemProxy */;
		};
		9C907F3C25C69F1A002A0C4A /* PBXTargetDependency */ = {
			isa = PBXTargetDependency;
			target = 9C907F1825C69F17002A0C4A /* TestCodeSample */;
			targetProxy = 9C907F3B25C69F1A002A0C4A /* PBXContainerItemProxy */;
		};
/* End PBXTargetDependency section */

/* Begin PBXVariantGroup section */
		9C907F2225C69F17002A0C4A /* MainViewController.storyboard */ = {
			isa = PBXVariantGroup;
			children = (
				9C907F2325C69F17002A0C4A /* Base */,
			);
			name = MainViewController.storyboard;
			sourceTree = "<group>";
		};
		9C907F2725C69F1A002A0C4A /* LaunchScreen.storyboard */ = {
			isa = PBXVariantGroup;
			children = (
				9C907F2825C69F1A002A0C4A /* Base */,
			);
			name = LaunchScreen.storyboard;
			sourceTree = "<group>";
		};
/* End PBXVariantGroup section */

/* Begin XCBuildConfiguration section */
		9C907F4125C69F1A002A0C4A /* Debug */ = {
			isa = XCBuildConfiguration;
			buildSettings = {
				ALWAYS_SEARCH_USER_PATHS = NO;
				CLANG_ANALYZER_NONNULL = YES;
				CLANG_ANALYZER_NUMBER_OBJECT_CONVERSION = YES_AGGRESSIVE;
				CLANG_CXX_LANGUAGE_STANDARD = "gnu++14";
				CLANG_CXX_LIBRARY = "libc++";
				CLANG_ENABLE_MODULES = YES;
				CLANG_ENABLE_OBJC_ARC = YES;
				CLANG_ENABLE_OBJC_WEAK = YES;
				CLANG_WARN_BLOCK_CAPTURE_AUTORELEASING = YES;
				CLANG_WARN_BOOL_CONVERSION = YES;
				CLANG_WARN_COMMA = YES;
				CLANG_WARN_CONSTANT_CONVERSION = YES;
				CLANG_WARN_DEPRECATED_OBJC_IMPLEMENTATIONS = YES;
				CLANG_WARN_DIRECT_OBJC_ISA_USAGE = YES_ERROR;
				CLANG_WARN_DOCUMENTATION_COMMENTS = YES;
				CLANG_WARN_EMPTY_BODY = YES;
				CLANG_WARN_ENUM_CONVERSION = YES;
				CLANG_WARN_INFINITE_RECURSION = YES;
				CLANG_WARN_INT_CONVERSION = YES;
				CLANG_WARN_NON_LITERAL_NULL_CONVERSION = YES;
				CLANG_WARN_OBJC_IMPLICIT_RETAIN_SELF = YES;
				CLANG_WARN_OBJC_LITERAL_CONVERSION = YES;
				CLANG_WARN_OBJC_ROOT_CLASS = YES_ERROR;
				CLANG_WARN_QUOTED_INCLUDE_IN_FRAMEWORK_HEADER = YES;
				CLANG_WARN_RANGE_LOOP_ANALYSIS = YES;
				CLANG_WARN_STRICT_PROTOTYPES = YES;
				CLANG_WARN_SUSPICIOUS_MOVE = YES;
				CLANG_WARN_UNGUARDED_AVAILABILITY = YES_AGGRESSIVE;
				CLANG_WARN_UNREACHABLE_CODE = YES;
				CLANG_WARN__DUPLICATE_METHOD_MATCH = YES;
				COPY_PHASE_STRIP = NO;
				DEBUG_INFORMATION_FORMAT = dwarf;
				ENABLE_STRICT_OBJC_MSGSEND = YES;
				ENABLE_TESTABILITY = YES;
				GCC_C_LANGUAGE_STANDARD = gnu11;
				GCC_DYNAMIC_NO_PIC = NO;
				GCC_NO_COMMON_BLOCKS = YES;
				GCC_OPTIMIZATION_LEVEL = 0;
				GCC_PREPROCESSOR_DEFINITIONS = (
					"DEBUG=1",
					"$(inherited)",
				);
				GCC_WARN_64_TO_32_BIT_CONVERSION = YES;
				GCC_WARN_ABOUT_RETURN_TYPE = YES_ERROR;
				GCC_WARN_UNDECLARED_SELECTOR = YES;
				GCC_WARN_UNINITIALIZED_AUTOS = YES_AGGRESSIVE;
				GCC_WARN_UNUSED_FUNCTION = YES;
				GCC_WARN_UNUSED_VARIABLE = YES;
				IPHONEOS_DEPLOYMENT_TARGET = 14.0;
				MTL_ENABLE_DEBUG_INFO = INCLUDE_SOURCE;
				MTL_FAST_MATH = YES;
				ONLY_ACTIVE_ARCH = YES;
				SDKROOT = iphoneos;
				SWIFT_ACTIVE_COMPILATION_CONDITIONS = DEBUG;
				SWIFT_OPTIMIZATION_LEVEL = "-Onone";
			};
			name = Debug;
		};
		9C907F4225C69F1A002A0C4A /* Release */ = {
			isa = XCBuildConfiguration;
			buildSettings = {
				ALWAYS_SEARCH_USER_PATHS = NO;
				CLANG_ANALYZER_NONNULL = YES;
				CLANG_ANALYZER_NUMBER_OBJECT_CONVERSION = YES_AGGRESSIVE;
				CLANG_CXX_LANGUAGE_STANDARD = "gnu++14";
				CLANG_CXX_LIBRARY = "libc++";
				CLANG_ENABLE_MODULES = YES;
				CLANG_ENABLE_OBJC_ARC = YES;
				CLANG_ENABLE_OBJC_WEAK = YES;
				CLANG_WARN_BLOCK_CAPTURE_AUTORELEASING = YES;
				CLANG_WARN_BOOL_CONVERSION = YES;
				CLANG_WARN_COMMA = YES;
				CLANG_WARN_CONSTANT_CONVERSION = YES;
				CLANG_WARN_DEPRECATED_OBJC_IMPLEMENTATIONS = YES;
				CLANG_WARN_DIRECT_OBJC_ISA_USAGE = YES_ERROR;
				CLANG_WARN_DOCUMENTATION_COMMENTS = YES;
				CLANG_WARN_EMPTY_BODY = YES;
				CLANG_WARN_ENUM_CONVERSION = YES;
				CLANG_WARN_INFINITE_RECURSION = YES;
				CLANG_WARN_INT_CONVERSION = YES;
				CLANG_WARN_NON_LITERAL_NULL_CONVERSION = YES;
				CLANG_WARN_OBJC_IMPLICIT_RETAIN_SELF = YES;
				CLANG_WARN_OBJC_LITERAL_CONVERSION = YES;
				CLANG_WARN_OBJC_ROOT_CLASS = YES_ERROR;
				CLANG_WARN_QUOTED_INCLUDE_IN_FRAMEWORK_HEADER = YES;
				CLANG_WARN_RANGE_LOOP_ANALYSIS = YES;
				CLANG_WARN_STRICT_PROTOTYPES = YES;
				CLANG_WARN_SUSPICIOUS_MOVE = YES;
				CLANG_WARN_UNGUARDED_AVAILABILITY = YES_AGGRESSIVE;
				CLANG_WARN_UNREACHABLE_CODE = YES;
				CLANG_WARN__DUPLICATE_METHOD_MATCH = YES;
				COPY_PHASE_STRIP = NO;
				DEBUG_INFORMATION_FORMAT = "dwarf-with-dsym";
				ENABLE_NS_ASSERTIONS = NO;
				ENABLE_STRICT_OBJC_MSGSEND = YES;
				GCC_C_LANGUAGE_STANDARD = gnu11;
				GCC_NO_COMMON_BLOCKS = YES;
				GCC_WARN_64_TO_32_BIT_CONVERSION = YES;
				GCC_WARN_ABOUT_RETURN_TYPE = YES_ERROR;
				GCC_WARN_UNDECLARED_SELECTOR = YES;
				GCC_WARN_UNINITIALIZED_AUTOS = YES_AGGRESSIVE;
				GCC_WARN_UNUSED_FUNCTION = YES;
				GCC_WARN_UNUSED_VARIABLE = YES;
				IPHONEOS_DEPLOYMENT_TARGET = 14.0;
				MTL_ENABLE_DEBUG_INFO = NO;
				MTL_FAST_MATH = YES;
				SDKROOT = iphoneos;
				SWIFT_COMPILATION_MODE = wholemodule;
				SWIFT_OPTIMIZATION_LEVEL = "-O";
				VALIDATE_PRODUCT = YES;
			};
			name = Release;
		};
		9C907F4425C69F1A002A0C4A /* Debug */ = {
			isa = XCBuildConfiguration;
			buildSettings = {
				ASSETCATALOG_COMPILER_APPICON_NAME = AppIcon;
				ASSETCATALOG_COMPILER_GLOBAL_ACCENT_COLOR_NAME = AccentColor;
				CODE_SIGN_STYLE = Automatic;
				DEVELOPMENT_TEAM = 2XL9QYTD77;
				INFOPLIST_FILE = TestCodeSample/Info.plist;
				LD_RUNPATH_SEARCH_PATHS = (
					"$(inherited)",
					"@executable_path/Frameworks",
				);
				PRODUCT_BUNDLE_IDENTIFIER = jp.shusuke.ota.TestCodeSample;
				PRODUCT_NAME = "$(TARGET_NAME)";
				SWIFT_VERSION = 5.0;
				TARGETED_DEVICE_FAMILY = "1,2";
			};
			name = Debug;
		};
		9C907F4525C69F1A002A0C4A /* Release */ = {
			isa = XCBuildConfiguration;
			buildSettings = {
				ASSETCATALOG_COMPILER_APPICON_NAME = AppIcon;
				ASSETCATALOG_COMPILER_GLOBAL_ACCENT_COLOR_NAME = AccentColor;
				CODE_SIGN_STYLE = Automatic;
				DEVELOPMENT_TEAM = 2XL9QYTD77;
				INFOPLIST_FILE = TestCodeSample/Info.plist;
				LD_RUNPATH_SEARCH_PATHS = (
					"$(inherited)",
					"@executable_path/Frameworks",
				);
				PRODUCT_BUNDLE_IDENTIFIER = jp.shusuke.ota.TestCodeSample;
				PRODUCT_NAME = "$(TARGET_NAME)";
				SWIFT_VERSION = 5.0;
				TARGETED_DEVICE_FAMILY = "1,2";
			};
			name = Release;
		};
		9C907F4725C69F1A002A0C4A /* Debug */ = {
			isa = XCBuildConfiguration;
			buildSettings = {
				ALWAYS_EMBED_SWIFT_STANDARD_LIBRARIES = YES;
				BUNDLE_LOADER = "$(TEST_HOST)";
				CODE_SIGN_STYLE = Automatic;
				DEVELOPMENT_TEAM = 2XL9QYTD77;
				INFOPLIST_FILE = TestCodeSampleTests/Info.plist;
				IPHONEOS_DEPLOYMENT_TARGET = 14.4;
				LD_RUNPATH_SEARCH_PATHS = (
					"$(inherited)",
					"@executable_path/Frameworks",
					"@loader_path/Frameworks",
				);
				PRODUCT_BUNDLE_IDENTIFIER = jp.shusuke.ota.TestCodeSampleTests;
				PRODUCT_NAME = "$(TARGET_NAME)";
				SWIFT_VERSION = 5.0;
				TARGETED_DEVICE_FAMILY = "1,2";
				TEST_HOST = "$(BUILT_PRODUCTS_DIR)/TestCodeSample.app/TestCodeSample";
			};
			name = Debug;
		};
		9C907F4825C69F1A002A0C4A /* Release */ = {
			isa = XCBuildConfiguration;
			buildSettings = {
				ALWAYS_EMBED_SWIFT_STANDARD_LIBRARIES = YES;
				BUNDLE_LOADER = "$(TEST_HOST)";
				CODE_SIGN_STYLE = Automatic;
				DEVELOPMENT_TEAM = 2XL9QYTD77;
				INFOPLIST_FILE = TestCodeSampleTests/Info.plist;
				IPHONEOS_DEPLOYMENT_TARGET = 14.4;
				LD_RUNPATH_SEARCH_PATHS = (
					"$(inherited)",
					"@executable_path/Frameworks",
					"@loader_path/Frameworks",
				);
				PRODUCT_BUNDLE_IDENTIFIER = jp.shusuke.ota.TestCodeSampleTests;
				PRODUCT_NAME = "$(TARGET_NAME)";
				SWIFT_VERSION = 5.0;
				TARGETED_DEVICE_FAMILY = "1,2";
				TEST_HOST = "$(BUILT_PRODUCTS_DIR)/TestCodeSample.app/TestCodeSample";
			};
			name = Release;
		};
		9C907F4A25C69F1A002A0C4A /* Debug */ = {
			isa = XCBuildConfiguration;
			buildSettings = {
				ALWAYS_EMBED_SWIFT_STANDARD_LIBRARIES = YES;
				CODE_SIGN_STYLE = Automatic;
				DEVELOPMENT_TEAM = 2XL9QYTD77;
				INFOPLIST_FILE = TestCodeSampleUITests/Info.plist;
				LD_RUNPATH_SEARCH_PATHS = (
					"$(inherited)",
					"@executable_path/Frameworks",
					"@loader_path/Frameworks",
				);
				PRODUCT_BUNDLE_IDENTIFIER = jp.shusuke.ota.TestCodeSampleUITests;
				PRODUCT_NAME = "$(TARGET_NAME)";
				SWIFT_VERSION = 5.0;
				TARGETED_DEVICE_FAMILY = "1,2";
				TEST_TARGET_NAME = TestCodeSample;
			};
			name = Debug;
		};
		9C907F4B25C69F1A002A0C4A /* Release */ = {
			isa = XCBuildConfiguration;
			buildSettings = {
				ALWAYS_EMBED_SWIFT_STANDARD_LIBRARIES = YES;
				CODE_SIGN_STYLE = Automatic;
				DEVELOPMENT_TEAM = 2XL9QYTD77;
				INFOPLIST_FILE = TestCodeSampleUITests/Info.plist;
				LD_RUNPATH_SEARCH_PATHS = (
					"$(inherited)",
					"@executable_path/Frameworks",
					"@loader_path/Frameworks",
				);
				PRODUCT_BUNDLE_IDENTIFIER = jp.shusuke.ota.TestCodeSampleUITests;
				PRODUCT_NAME = "$(TARGET_NAME)";
				SWIFT_VERSION = 5.0;
				TARGETED_DEVICE_FAMILY = "1,2";
				TEST_TARGET_NAME = TestCodeSample;
			};
			name = Release;
		};
/* End XCBuildConfiguration section */

/* Begin XCConfigurationList section */
		9C907F1425C69F17002A0C4A /* Build configuration list for PBXProject "TestCodeSample" */ = {
			isa = XCConfigurationList;
			buildConfigurations = (
				9C907F4125C69F1A002A0C4A /* Debug */,
				9C907F4225C69F1A002A0C4A /* Release */,
			);
			defaultConfigurationIsVisible = 0;
			defaultConfigurationName = Release;
		};
		9C907F4325C69F1A002A0C4A /* Build configuration list for PBXNativeTarget "TestCodeSample" */ = {
			isa = XCConfigurationList;
			buildConfigurations = (
				9C907F4425C69F1A002A0C4A /* Debug */,
				9C907F4525C69F1A002A0C4A /* Release */,
			);
			defaultConfigurationIsVisible = 0;
			defaultConfigurationName = Release;
		};
		9C907F4625C69F1A002A0C4A /* Build configuration list for PBXNativeTarget "TestCodeSampleTests" */ = {
			isa = XCConfigurationList;
			buildConfigurations = (
				9C907F4725C69F1A002A0C4A /* Debug */,
				9C907F4825C69F1A002A0C4A /* Release */,
			);
			defaultConfigurationIsVisible = 0;
			defaultConfigurationName = Release;
		};
		9C907F4925C69F1A002A0C4A /* Build configuration list for PBXNativeTarget "TestCodeSampleUITests" */ = {
			isa = XCConfigurationList;
			buildConfigurations = (
				9C907F4A25C69F1A002A0C4A /* Debug */,
				9C907F4B25C69F1A002A0C4A /* Release */,
			);
			defaultConfigurationIsVisible = 0;
			defaultConfigurationName = Release;
		};
/* End XCConfigurationList section */
	};
	rootObject = 9C907F1125C69F17002A0C4A /* Project object */;
}
